dependencies:
  idf:
    source:
      type: idf
    version: 5.5.0
  libsodium:
    dependencies: []
    source:
      path: C:\Users\Alex\Desktop\arduino-openthread-tempsender\arduino-openthread-joiner\components\libsodium
      type: local
    version: 1.0.20~2
direct_dependencies:
- espressif/libsodium
- idf
manifest_hash: fdf9f459cde50fdf6072be4793cdc2e5ed509907812851b792bfcd01d164108e
target: esp32c6
version: 2.0.0
